
Microsoft Visual Studio Solution File, Format Version 12.00
# Visual Studio Version 17
VisualStudioVersion = 17.1.32421.90
MinimumVisualStudioVersion = 10.0.40219.1
Project("{FAE04EC0-301F-11D3-BF4B-00C04F79EFBC}") = "fCWT.NET", "fCWT.NET.csproj", "{AA8D8FDA-9932-40E6-9D0D-7F7B1DD6CB34}"
EndProject
Project("{FAE04EC0-301F-11D3-BF4B-00C04F79EFBC}") = "TestFCWTAPI", "..\TestFCWTAPI\TestFCWTAPI.csproj", "{98D8BEBA-38B8-4002-84C6-C4359784DEFF}"
EndProject
Global
	GlobalSection(SolutionConfigurationPlatforms) = preSolution
		Debug|Any CPU = Debug|Any CPU
		Release|Any CPU = Release|Any CPU
	EndGlobalSection
	GlobalSection(ProjectConfigurationPlatforms) = postSolution
		{AA8D8FDA-9932-40E6-9D0D-7F7B1DD6CB34}.Debug|Any CPU.ActiveCfg = Debug|Any CPU
		{AA8D8FDA-9932-40E6-9D0D-7F7B1DD6CB34}.Debug|Any CPU.Build.0 = Debug|Any CPU
		{AA8D8FDA-9932-40E6-9D0D-7F7B1DD6CB34}.Release|Any CPU.ActiveCfg = Release|Any CPU
		{AA8D8FDA-9932-40E6-9D0D-7F7B1DD6CB34}.Release|Any CPU.Build.0 = Release|Any CPU
		{98D8BEBA-38B8-4002-84C6-C4359784DEFF}.Debug|Any CPU.ActiveCfg = Debug|Any CPU
		{98D8BEBA-38B8-4002-84C6-C4359784DEFF}.Debug|Any CPU.Build.0 = Debug|Any CPU
		{98D8BEBA-38B8-4002-84C6-C4359784DEFF}.Release|Any CPU.ActiveCfg = Release|Any CPU
		{98D8BEBA-38B8-4002-84C6-C4359784DEFF}.Release|Any CPU.Build.0 = Release|Any CPU
	EndGlobalSection
	GlobalSection(SolutionProperties) = preSolution
		HideSolutionNode = FALSE
	EndGlobalSection
	GlobalSection(ExtensibilityGlobals) = postSolution
		SolutionGuid = {0A986605-2505-43B9-A983-89926D99A54B}
	EndGlobalSection
EndGlobal
