
Microsoft Visual Studio Solution File, Format Version 12.00
# Visual Studio Version 17
VisualStudioVersion = 17.1.32421.90
MinimumVisualStudioVersion = 10.0.40219.1
Project("{9A19103F-16F7-4668-BE54-9A1E7A4F7556}") = "fCWT.NET", "FCWTAPI\fCWT.NET.csproj", "{F441276A-BBAB-45D2-81B4-5E520143E817}"
EndProject
Project("{9A19103F-16F7-4668-BE54-9A1E7A4F7556}") = "TestFCWTAPI", "TestFCWTAPI\TestFCWTAPI.csproj", "{A3980534-1784-4539-BE17-4CDB3E456D3A}"
EndProject
Global
	GlobalSection(SolutionConfigurationPlatforms) = preSolution
		Debug|Any CPU = Debug|Any CPU
		Release|Any CPU = Release|Any CPU
	EndGlobalSection
	GlobalSection(ProjectConfigurationPlatforms) = postSolution
		{F441276A-BBAB-45D2-81B4-5E520143E817}.Debug|Any CPU.ActiveCfg = Debug|Any CPU
		{F441276A-BBAB-45D2-81B4-5E520143E817}.Debug|Any CPU.Build.0 = Debug|Any CPU
		{F441276A-BBAB-45D2-81B4-5E520143E817}.Release|Any CPU.ActiveCfg = Release|Any CPU
		{F441276A-BBAB-45D2-81B4-5E520143E817}.Release|Any CPU.Build.0 = Release|Any CPU
		{A3980534-1784-4539-BE17-4CDB3E456D3A}.Debug|Any CPU.ActiveCfg = Debug|Any CPU
		{A3980534-1784-4539-BE17-4CDB3E456D3A}.Debug|Any CPU.Build.0 = Debug|Any CPU
		{A3980534-1784-4539-BE17-4CDB3E456D3A}.Release|Any CPU.ActiveCfg = Release|Any CPU
		{A3980534-1784-4539-BE17-4CDB3E456D3A}.Release|Any CPU.Build.0 = Release|Any CPU
	EndGlobalSection
	GlobalSection(SolutionProperties) = preSolution
		HideSolutionNode = FALSE
	EndGlobalSection
	GlobalSection(ExtensibilityGlobals) = postSolution
		SolutionGuid = {0A986605-2505-43B9-A983-89926D99A54B}
	EndGlobalSection
EndGlobal
